
Microsoft Visual Studio Solution File, Format Version 12.00
# Visual Studio Version 16
VisualStudioVersion = 16.0.31005.135
MinimumVisualStudioVersion = 10.0.40219.1
Project("{FAE04EC0-301F-11D3-BF4B-00C04F79EFBC}") = "SSTEST2", "SSTEST2\SSTEST2.csproj", "{9895C6FC-1DC1-406D-BA18-D38FB7607DF8}"
EndProject
Global
	GlobalSection(SolutionConfigurationPlatforms) = preSolution
		Debug|Any CPU = Debug|Any CPU
		Release|Any CPU = Release|Any CPU
	EndGlobalSection
	GlobalSection(ProjectConfigurationPlatforms) = postSolution
		{9895C6FC-1DC1-406D-BA18-D38FB7607DF8}.Debug|Any CPU.ActiveCfg = Debug|Any CPU
		{9895C6FC-1DC1-406D-BA18-D38FB7607DF8}.Debug|Any CPU.Build.0 = Debug|Any CPU
		{9895C6FC-1DC1-406D-BA18-D38FB7607DF8}.Release|Any CPU.ActiveCfg = Release|Any CPU
		{9895C6FC-1DC1-406D-BA18-D38FB7607DF8}.Release|Any CPU.Build.0 = Release|Any CPU
	EndGlobalSection
	GlobalSection(SolutionProperties) = preSolution
		HideSolutionNode = FALSE
	EndGlobalSection
	GlobalSection(ExtensibilityGlobals) = postSolution
		SolutionGuid = {7EF4A562-CE72-4191-8580-5BB2CE483C1A}
	EndGlobalSection
EndGlobal
